Microsoft Visual Studio Solution File, Format Version 12.00
# Visual Studio Version 17
VisualStudioVersion = 17.5.2.0
MinimumVisualStudioVersion = 10.0.40219.1
Project("{FAE04EC0-301F-11D3-BF4B-00C04F79EFBC}") = "WillscotAutomation", "WillscotAutomation\WillscotAutomation.csproj", "{27C61AA7-7483-0F53-2501-0F67DF33C8D4}"
EndProject
Global
	GlobalSection(SolutionConfigurationPlatforms) = preSolution
		Debug|Any CPU = Debug|Any CPU
		Release|Any CPU = Release|Any CPU
	EndGlobalSection
	GlobalSection(ProjectConfigurationPlatforms) = postSolution
		{27C61AA7-7483-0F53-2501-0F67DF33C8D4}.Debug|Any CPU.ActiveCfg = Debug|Any CPU
		{27C61AA7-7483-0F53-2501-0F67DF33C8D4}.Debug|Any CPU.Build.0 = Debug|Any CPU
		{27C61AA7-7483-0F53-2501-0F67DF33C8D4}.Release|Any CPU.ActiveCfg = Release|Any CPU
		{27C61AA7-7483-0F53-2501-0F67DF33C8D4}.Release|Any CPU.Build.0 = Release|Any CPU
	EndGlobalSection
	GlobalSection(SolutionProperties) = preSolution
		HideSolutionNode = FALSE
	EndGlobalSection
	GlobalSection(ExtensibilityGlobals) = postSolution
		SolutionGuid = {13058622-C020-4EAD-9ACA-483F5C195990}
	EndGlobalSection
EndGlobal
